PODS:
  - TinyConstraints (4.0.1)

DEPENDENCIES:
  - TinyConstraints

SPEC REPOS:
  https://github.com/cocoapods/specs.git:
    - TinyConstraints

SPEC CHECKSUMS:
  TinyConstraints: 8dd91295e56797648c7bc335dd20e1d91ec4c192

PODFILE CHECKSUM: d98c12581fe5a434b0f7e376ea84c9ad8e31912f

COCOAPODS: 1.7.5
